{
  "version": 4,
  "terraform_version": "1.5.7",
  "serial": 57,
  "lineage": "7514653d-b040-bada-f662-853e50fc240e",
  "outputs": {},
  "resources": [
    {
      "module": "module.api",
      "mode": "managed",
      "type": "google_project_service",
      "name": "activate_gcp_services",
      "provider": "provider[\"registry.terraform.io/hashicorp/google\"]",
      "instances": [
        {
          "index_key": "cloudbuild.googleapis.com",
          "schema_version": 0,
          "attributes": {
            "disable_dependent_services": null,
            "disable_on_destroy": true,
            "id": "monemana/cloudbuild.googleapis.com",
            "project": "monemana",
            "service": "cloudbuild.googleapis.com",
            "timeouts": null
          },
          "sensitive_attributes": [],
          "private": "eyJlMmJmYjczMC1lY2FhLTExZTYtOGY4OC0zNDM2M2JjN2M0YzAiOnsiY3JlYXRlIjoxMjAwMDAwMDAwMDAwLCJkZWxldGUiOjEyMDAwMDAwMDAwMDAsInJlYWQiOjYwMDAwMDAwMDAwMCwidXBkYXRlIjoxMjAwMDAwMDAwMDAwfX0="
        },
        {
          "index_key": "cloudresourcemanager.googleapis.com",
          "schema_version": 0,
          "attributes": {
            "disable_dependent_services": null,
            "disable_on_destroy": true,
            "id": "monemana/cloudresourcemanager.googleapis.com",
            "project": "monemana",
            "service": "cloudresourcemanager.googleapis.com",
            "timeouts": null
          },
          "sensitive_attributes": [],
          "private": "eyJlMmJmYjczMC1lY2FhLTExZTYtOGY4OC0zNDM2M2JjN2M0YzAiOnsiY3JlYXRlIjoxMjAwMDAwMDAwMDAwLCJkZWxldGUiOjEyMDAwMDAwMDAwMDAsInJlYWQiOjYwMDAwMDAwMDAwMCwidXBkYXRlIjoxMjAwMDAwMDAwMDAwfX0="
        },
        {
          "index_key": "containerregistry.googleapis.com",
          "schema_version": 0,
          "attributes": {
            "disable_dependent_services": null,
            "disable_on_destroy": true,
            "id": "monemana/containerregistry.googleapis.com",
            "project": "monemana",
            "service": "containerregistry.googleapis.com",
            "timeouts": null
          },
          "sensitive_attributes": [],
          "private": "eyJlMmJmYjczMC1lY2FhLTExZTYtOGY4OC0zNDM2M2JjN2M0YzAiOnsiY3JlYXRlIjoxMjAwMDAwMDAwMDAwLCJkZWxldGUiOjEyMDAwMDAwMDAwMDAsInJlYWQiOjYwMDAwMDAwMDAwMCwidXBkYXRlIjoxMjAwMDAwMDAwMDAwfX0="
        },
        {
          "index_key": "run.googleapis.com",
          "schema_version": 0,
          "attributes": {
            "disable_dependent_services": null,
            "disable_on_destroy": true,
            "id": "monemana/run.googleapis.com",
            "project": "monemana",
            "service": "run.googleapis.com",
            "timeouts": null
          },
          "sensitive_attributes": [],
          "private": "eyJlMmJmYjczMC1lY2FhLTExZTYtOGY4OC0zNDM2M2JjN2M0YzAiOnsiY3JlYXRlIjoxMjAwMDAwMDAwMDAwLCJkZWxldGUiOjEyMDAwMDAwMDAwMDAsInJlYWQiOjYwMDAwMDAwMDAwMCwidXBkYXRlIjoxMjAwMDAwMDAwMDAwfX0="
        }
      ]
    },
    {
      "module": "module.cloudbuild",
      "mode": "managed",
      "type": "google_cloudbuild_trigger",
      "name": "cloudbuild_monemana",
      "provider": "provider[\"registry.terraform.io/hashicorp/google\"]",
      "instances": [
        {
          "schema_version": 2,
          "attributes": {
            "approval_config": [
              {
                "approval_required": false
              }
            ],
            "bitbucket_server_trigger_config": [],
            "build": [],
            "create_time": "2023-10-04T16:50:57.677797469Z",
            "description": "",
            "disabled": false,
            "filename": "cloudbuild.yaml",
            "filter": "",
            "git_file_source": [],
            "github": [
              {
                "enterprise_config_resource_name": "",
                "name": "monemana",
                "owner": "ryuji-cre8ive",
                "pull_request": [],
                "push": [
                  {
                    "branch": "^main$",
                    "invert_regex": false,
                    "tag": ""
                  }
                ]
              }
            ],
            "id": "projects/monemana/locations/us-central1/triggers/a1805735-251e-48cc-a5cc-bef7bc91e68b",
            "ignored_files": [],
            "include_build_logs": "",
            "included_files": [],
            "location": "us-central1",
            "name": "cloudbuild-monemana",
            "project": "monemana",
            "pubsub_config": [],
            "repository_event_config": [],
            "service_account": "",
            "source_to_build": [
              {
                "bitbucket_server_config": "",
                "github_enterprise_config": "",
                "ref": "refs/heads/main",
                "repo_type": "GITHUB",
                "repository": "",
                "uri": "https://github.com/ryuji-cre8ive/monemana"
              }
            ],
            "substitutions": {},
            "tags": [],
            "timeouts": null,
            "trigger_id": "a1805735-251e-48cc-a5cc-bef7bc91e68b",
            "trigger_template": [],
            "webhook_config": []
          },
          "sensitive_attributes": [],
          "private": "eyJlMmJmYjczMC1lY2FhLTExZTYtOGY4OC0zNDM2M2JjN2M0YzAiOnsiY3JlYXRlIjoxMjAwMDAwMDAwMDAwLCJkZWxldGUiOjEyMDAwMDAwMDAwMDAsInVwZGF0ZSI6MTIwMDAwMDAwMDAwMH0sInNjaGVtYV92ZXJzaW9uIjoiMiJ9"
        }
      ]
    },
    {
      "module": "module.cloudrun",
      "mode": "managed",
      "type": "google_cloud_run_service",
      "name": "container",
      "provider": "provider[\"registry.terraform.io/hashicorp/google\"]",
      "instances": [
        {
          "schema_version": 2,
          "attributes": {
            "autogenerate_revision_name": true,
            "id": "locations/us-central1/namespaces/monemana/services/monemana",
            "location": "us-central1",
            "metadata": [
              {
                "annotations": {},
                "effective_annotations": {
                  "run.googleapis.com/client-name": "gcloud",
                  "run.googleapis.com/client-version": "449.0.0",
                  "run.googleapis.com/ingress": "all",
                  "run.googleapis.com/ingress-status": "all",
                  "run.googleapis.com/operation-id": "9b1102cd-9dfa-4fdf-9a21-2bfe3aa75d4d",
                  "serving.knative.dev/creator": "monemana-api@monemana.iam.gserviceaccount.com",
                  "serving.knative.dev/lastModifier": "monemana-api@monemana.iam.gserviceaccount.com"
                },
                "effective_labels": {
                  "cloud.googleapis.com/location": "us-central1",
                  "commit-sha": "d7dacaf42b8c1126a7a415f2a21a05141fdd7f58",
                  "gcb-build-id": "2bb7d6e2-9f1e-4fb1-b267-ce3c658d96ec",
                  "gcb-trigger-id": "c551bd1c-a689-46a3-8c01-34821e21c0c6",
                  "gcb-trigger-region": "global",
                  "managed-by": "gcp-cloud-build-deploy-cloud-run"
                },
                "generation": 6,
                "labels": {},
                "namespace": "monemana",
                "resource_version": "AAYG7UCKwYc",
                "self_link": "/apis/serving.knative.dev/v1/namespaces/871730282673/services/monemana",
                "terraform_labels": {},
                "uid": "24f93f30-5dca-4f86-a1fa-890c8f82493d"
              }
            ],
            "name": "monemana",
            "project": "monemana",
            "status": [
              {
                "conditions": [
                  {
                    "message": "Revision 'monemana-00005-wvv' is not ready and cannot serve traffic. The user-provided container failed to start and listen on the port defined provided by the PORT=8080 environment variable. Logs for this revision might contain more information.\n\nLogs URL: https://console.cloud.google.com/logs/viewer?project=monemana\u0026resource=cloud_run_revision/service_name/monemana/revision_name/monemana-00005-wvv\u0026advancedFilter=resource.type%3D%22cloud_run_revision%22%0Aresource.labels.service_name%3D%22monemana%22%0Aresource.labels.revision_name%3D%22monemana-00005-wvv%22 \nFor more troubleshooting guidance, see https://cloud.google.com/run/docs/troubleshooting#container-failed-to-start",
                    "reason": "HealthCheckContainerError",
                    "status": "False",
                    "type": "Ready"
                  },
                  {
                    "message": "",
                    "reason": "",
                    "status": "True",
                    "type": "ConfigurationsReady"
                  },
                  {
                    "message": "Revision 'monemana-00005-wvv' is not ready and cannot serve traffic. The user-provided container failed to start and listen on the port defined provided by the PORT=8080 environment variable. Logs for this revision might contain more information.\n\nLogs URL: https://console.cloud.google.com/logs/viewer?project=monemana\u0026resource=cloud_run_revision/service_name/monemana/revision_name/monemana-00005-wvv\u0026advancedFilter=resource.type%3D%22cloud_run_revision%22%0Aresource.labels.service_name%3D%22monemana%22%0Aresource.labels.revision_name%3D%22monemana-00005-wvv%22 \nFor more troubleshooting guidance, see https://cloud.google.com/run/docs/troubleshooting#container-failed-to-start",
                    "reason": "HealthCheckContainerError",
                    "status": "False",
                    "type": "RoutesReady"
                  }
                ],
                "latest_created_revision_name": "monemana-00005-wvv",
                "latest_ready_revision_name": "monemana-00004-vfg",
                "observed_generation": 6,
                "traffic": [
                  {
                    "latest_revision": true,
                    "percent": 100,
                    "revision_name": "monemana-00004-vfg",
                    "tag": "",
                    "url": ""
                  }
                ],
                "url": "https://monemana-wtpz72vrvq-uc.a.run.app"
              }
            ],
            "template": [
              {
                "metadata": [
                  {
                    "annotations": {
                      "autoscaling.knative.dev/maxScale": "1",
                      "run.googleapis.com/client-name": "gcloud",
                      "run.googleapis.com/client-version": "449.0.0",
                      "run.googleapis.com/startup-cpu-boost": "true"
                    },
                    "generation": 0,
                    "labels": {
                      "client.knative.dev/nonce": "zrucfukopm",
                      "commit-sha": "d7dacaf42b8c1126a7a415f2a21a05141fdd7f58",
                      "gcb-build-id": "2bb7d6e2-9f1e-4fb1-b267-ce3c658d96ec",
                      "gcb-trigger-id": "c551bd1c-a689-46a3-8c01-34821e21c0c6",
                      "gcb-trigger-region": "global",
                      "managed-by": "gcp-cloud-build-deploy-cloud-run",
                      "run.googleapis.com/startupProbeType": "Default"
                    },
                    "name": "",
                    "namespace": "",
                    "resource_version": "",
                    "self_link": "",
                    "uid": ""
                  }
                ],
                "spec": [
                  {
                    "container_concurrency": 80,
                    "containers": [
                      {
                        "args": [],
                        "command": [],
                        "env": [
                          {
                            "name": "CLOUD_RUN_HTTPS_ENABLED",
                            "value": "false",
                            "value_from": []
                          },
                          {
                            "name": "DATABASE_URL",
                            "value": "postgres://postgres:mqttyq-cre8ive0525@db.snbskwhunpqwkjjshplr.supabase.co:6543/postgres?sslmode=disable",
                            "value_from": []
                          },
                          {
                            "name": "LINE_BOT_CHANNEL_SECRET",
                            "value": "1686d6e89f49486d239019af8e3ef055",
                            "value_from": []
                          },
                          {
                            "name": "LINE_BOT_CHANNEL_TOKEN",
                            "value": "hM+eE1E7nzpxaHfD/U4LXoz3g0+KFUDIpB92cvLVnHj561vhqxa4R//tcpLYjTkAQqxzWFDHZg77hJ97DO0+SCrMloW3HsaxYrGaIomsbp9ktGl/4YxrEjLhsqxvmI0bb99zzYxfP7rXMDsBNFfQGgdB04t89/1O/w1cDnyilFU=",
                            "value_from": []
                          }
                        ],
                        "env_from": [],
                        "image": "us-central1-docker.pkg.dev/monemana/cloud-run-source-deploy/monemana/monemana:monemana-001",
                        "liveness_probe": [],
                        "name": "",
                        "ports": [
                          {
                            "container_port": 8080,
                            "name": "http1",
                            "protocol": ""
                          }
                        ],
                        "resources": [
                          {
                            "limits": {
                              "cpu": "1",
                              "memory": "512Mi"
                            },
                            "requests": {}
                          }
                        ],
                        "startup_probe": [
                          {
                            "failure_threshold": 1,
                            "grpc": [],
                            "http_get": [],
                            "initial_delay_seconds": 0,
                            "period_seconds": 240,
                            "tcp_socket": [
                              {
                                "port": 8080
                              }
                            ],
                            "timeout_seconds": 240
                          }
                        ],
                        "volume_mounts": [],
                        "working_dir": ""
                      }
                    ],
                    "service_account_name": "871730282673-compute@developer.gserviceaccount.com",
                    "serving_state": "",
                    "timeout_seconds": 300,
                    "volumes": []
                  }
                ]
              }
            ],
            "timeouts": null,
            "traffic": [
              {
                "latest_revision": true,
                "percent": 100,
                "revision_name": "",
                "tag": "",
                "url": ""
              }
            ]
          },
          "sensitive_attributes": [],
          "private": "eyJlMmJmYjczMC1lY2FhLTExZTYtOGY4OC0zNDM2M2JjN2M0YzAiOnsiY3JlYXRlIjoxMjAwMDAwMDAwMDAwLCJkZWxldGUiOjEyMDAwMDAwMDAwMDAsInVwZGF0ZSI6MTIwMDAwMDAwMDAwMH0sInNjaGVtYV92ZXJzaW9uIjoiMiJ9"
        }
      ]
    }
  ],
  "check_results": null
}
